// !$*UTF8*$!
{
	archiveVersion = 1;
	classes = {
	};
	objectVersion = 55;
	objects = {

/* Begin PBXBuildFile section */
		160AD504279A520000CFCB85 /* CircleImage.swift in Sources */ = {isa = PBXBuildFile; fileRef = 160AD503279A520000CFCB85 /* CircleImage.swift */; };
		160AD506279A55B800CFCB85 /* MapView.swift in Sources */ = {isa = PBXBuildFile; fileRef = 160AD505279A55B800CFCB85 /* MapView.swift */; };
		16AB662E279A468E0076A05C /* GreetMeApp.swift in Sources */ = {isa = PBXBuildFile; fileRef = 16AB662D279A468E0076A05C /* GreetMeApp.swift */; };
		16AB6630279A468E0076A05C /* ContentView.swift in Sources */ = {isa = PBXBuildFile; fileRef = 16AB662F279A468E0076A05C /* ContentView.swift */; };
		16AB6632279A468F0076A05C /* Assets.xcassets in Resources */ = {isa = PBXBuildFile; fileRef = 16AB6631279A468F0076A05C /* Assets.xcassets */; };
		16AB6635279A468F0076A05C /* Preview Assets.xcassets in Resources */ = {isa = PBXBuildFile; fileRef = 16AB6634279A468F0076A05C /* Preview Assets.xcassets */; };
		16EE27CE279C423E00BEF147 /* landmarkData.json in Resources */ = {isa = PBXBuildFile; fileRef = 16EE27CD279C423E00BEF147 /* landmarkData.json */; };
		16EE27D0279C42BE00BEF147 /* Landmark.swift in Sources */ = {isa = PBXBuildFile; fileRef = 16EE27CF279C42BE00BEF147 /* Landmark.swift */; };
		16EE27D2279C46F700BEF147 /* ModelData.swift in Sources */ = {isa = PBXBuildFile; fileRef = 16EE27D1279C46F700BEF147 /* ModelData.swift */; };
		16EE27D7279C4C9D00BEF147 /* LandmarkRow.swift in Sources */ = {isa = PBXBuildFile; fileRef = 16EE27D6279C4C9D00BEF147 /* LandmarkRow.swift */; };
		16EE27D9279C5C2C00BEF147 /* LandmarkList.swift in Sources */ = {isa = PBXBuildFile; fileRef = 16EE27D8279C5C2C00BEF147 /* LandmarkList.swift */; };
		16EE27DB279C5EAA00BEF147 /* LandmarkDetail.swift in Sources */ = {isa = PBXBuildFile; fileRef = 16EE27DA279C5EAA00BEF147 /* LandmarkDetail.swift */; };
/* End PBXBuildFile section */

/* Begin PBXFileReference section */
		160AD503279A520000CFCB85 /* CircleImage.swift */ = {isa = PBXFileReference; lastKnownFileType = sourcecode.swift; path = CircleImage.swift; sourceTree = "<group>"; };
		160AD505279A55B800CFCB85 /* MapView.swift */ = {isa = PBXFileReference; lastKnownFileType = sourcecode.swift; path = MapView.swift; sourceTree = "<group>"; };
		16AB662A279A468E0076A05C /* GreetMe.app */ = {isa = PBXFileReference; explicitFileType = wrapper.application; includeInIndex = 0; path = GreetMe.app; sourceTree = BUILT_PRODUCTS_DIR; };
		16AB662D279A468E0076A05C /* GreetMeApp.swift */ = {isa = PBXFileReference; lastKnownFileType = sourcecode.swift; path = GreetMeApp.swift; sourceTree = "<group>"; };
		16AB662F279A468E0076A05C /* ContentView.swift */ = {isa = PBXFileReference; lastKnownFileType = sourcecode.swift; path = ContentView.swift; sourceTree = "<group>"; };
		16AB6631279A468F0076A05C /* Assets.xcassets */ = {isa = PBXFileReference; lastKnownFileType = folder.assetcatalog; path = Assets.xcassets; sourceTree = "<group>"; };
		16AB6634279A468F0076A05C /* Preview Assets.xcassets */ = {isa = PBXFileReference; lastKnownFileType = folder.assetcatalog; path = "Preview Assets.xcassets"; sourceTree = "<group>"; };
		16EE27CD279C423E00BEF147 /* landmarkData.json */ = {isa = PBXFileReference; fileEncoding = 4; lastKnownFileType = text.json; path = landmarkData.json; sourceTree = "<group>"; };
		16EE27CF279C42BE00BEF147 /* Landmark.swift */ = {isa = PBXFileReference; lastKnownFileType = sourcecode.swift; path = Landmark.swift; sourceTree = "<group>"; };
		16EE27D1279C46F700BEF147 /* ModelData.swift */ = {isa = PBXFileReference; lastKnownFileType = sourcecode.swift; path = ModelData.swift; sourceTree = "<group>"; };
		16EE27D6279C4C9D00BEF147 /* LandmarkRow.swift */ = {isa = PBXFileReference; lastKnownFileType = sourcecode.swift; path = LandmarkRow.swift; sourceTree = "<group>"; };
		16EE27D8279C5C2C00BEF147 /* LandmarkList.swift */ = {isa = PBXFileReference; lastKnownFileType = sourcecode.swift; path = LandmarkList.swift; sourceTree = "<group>"; };
		16EE27DA279C5EAA00BEF147 /* LandmarkDetail.swift */ = {isa = PBXFileReference; lastKnownFileType = sourcecode.swift; path = LandmarkDetail.swift; sourceTree = "<group>"; };
/* End PBXFileReference section */

/* Begin PBXFrameworksBuildPhase section */
		16AB6627279A468E0076A05C /* Frameworks */ = {
			isa = PBXFrameworksBuildPhase;
			buildActionMask = 2147483647;
			files = (
			);
			runOnlyForDeploymentPostprocessing = 0;
		};
/* End PBXFrameworksBuildPhase section */

/* Begin PBXGroup section */
		16AB6621279A468D0076A05C = {
			isa = PBXGroup;
			children = (
				16AB662C279A468E0076A05C /* GreetMe */,
				16AB662B279A468E0076A05C /* Products */,
			);
			sourceTree = "<group>";
		};
		16AB662B279A468E0076A05C /* Products */ = {
			isa = PBXGroup;
			children = (
				16AB662A279A468E0076A05C /* GreetMe.app */,
			);
			name = Products;
			sourceTree = "<group>";
		};
		16AB662C279A468E0076A05C /* GreetMe */ = {
			isa = PBXGroup;
			children = (
				16EE27D3279C4B9800BEF147 /* Resources */,
				16EE27D5279C4BBC00BEF147 /* Model */,
				16AB662D279A468E0076A05C /* GreetMeApp.swift */,
				16EE27D4279C4BA600BEF147 /* Views */,
				16AB6631279A468F0076A05C /* Assets.xcassets */,
				16AB6633279A468F0076A05C /* Preview Content */,
			);
			path = GreetMe;
			sourceTree = "<group>";
		};
		16AB6633279A468F0076A05C /* Preview Content */ = {
			isa = PBXGroup;
			children = (
				16AB6634279A468F0076A05C /* Preview Assets.xcassets */,
			);
			path = "Preview Content";
			sourceTree = "<group>";
		};
		16EE27D3279C4B9800BEF147 /* Resources */ = {
			isa = PBXGroup;
			children = (
				16EE27CD279C423E00BEF147 /* landmarkData.json */,
			);
			path = Resources;
			sourceTree = "<group>";
		};
		16EE27D4279C4BA600BEF147 /* Views */ = {
			isa = PBXGroup;
			children = (
				16AB662F279A468E0076A05C /* ContentView.swift */,
				160AD503279A520000CFCB85 /* CircleImage.swift */,
				160AD505279A55B800CFCB85 /* MapView.swift */,
				16EE27D6279C4C9D00BEF147 /* LandmarkRow.swift */,
				16EE27D8279C5C2C00BEF147 /* LandmarkList.swift */,
				16EE27DA279C5EAA00BEF147 /* LandmarkDetail.swift */,
			);
			path = Views;
			sourceTree = "<group>";
		};
		16EE27D5279C4BBC00BEF147 /* Model */ = {
			isa = PBXGroup;
			children = (
				16EE27CF279C42BE00BEF147 /* Landmark.swift */,
				16EE27D1279C46F700BEF147 /* ModelData.swift */,
			);
			path = Model;
			sourceTree = "<group>";
		};
/* End PBXGroup section */

/* Begin PBXNativeTarget section */
		16AB6629279A468E0076A05C /* GreetMe */ = {
			isa = PBXNativeTarget;
			buildConfigurationList = 16AB6638279A468F0076A05C /* Build configuration list for PBXNativeTarget "GreetMe" */;
			buildPhases = (
				16AB6626279A468E0076A05C /* Sources */,
				16AB6627279A468E0076A05C /* Frameworks */,
				16AB6628279A468E0076A05C /* Resources */,
			);
			buildRules = (
			);
			dependencies = (
			);
			name = GreetMe;
			productName = GreetMe;
			productReference = 16AB662A279A468E0076A05C /* GreetMe.app */;
			productType = "com.apple.product-type.application";
		};
/* End PBXNativeTarget section */

/* Begin PBXProject section */
		16AB6622279A468E0076A05C /* Project object */ = {
			isa = PBXProject;
			attributes = {
				BuildIndependentTargetsInParallel = 1;
				LastSwiftUpdateCheck = 1320;
				LastUpgradeCheck = 1320;
				TargetAttributes = {
					16AB6629279A468E0076A05C = {
						CreatedOnToolsVersion = 13.2.1;
					};
				};
			};
			buildConfigurationList = 16AB6625279A468E0076A05C /* Build configuration list for PBXProject "GreetMe" */;
			compatibilityVersion = "Xcode 13.0";
			developmentRegion = en;
			hasScannedForEncodings = 0;
			knownRegions = (
				en,
				Base,
			);
			mainGroup = 16AB6621279A468D0076A05C;
			productRefGroup = 16AB662B279A468E0076A05C /* Products */;
			projectDirPath = "";
			projectRoot = "";
			targets = (
				16AB6629279A468E0076A05C /* GreetMe */,
			);
		};
/* End PBXProject section */

/* Begin PBXResourcesBuildPhase section */
		16AB6628279A468E0076A05C /* Resources */ = {
			isa = PBXResourcesBuildPhase;
			buildActionMask = 2147483647;
			files = (
				16AB6635279A468F0076A05C /* Preview Assets.xcassets in Resources */,
				16AB6632279A468F0076A05C /* Assets.xcassets in Resources */,
				16EE27CE279C423E00BEF147 /* landmarkData.json in Resources */,
			);
			runOnlyForDeploymentPostprocessing = 0;
		};
/* End PBXResourcesBuildPhase section */

/* Begin PBXSourcesBuildPhase section */
		16AB6626279A468E0076A05C /* Sources */ = {
			isa = PBXSourcesBuildPhase;
			buildActionMask = 2147483647;
			files = (
				16AB6630279A468E0076A05C /* ContentView.swift in Sources */,
				160AD506279A55B800CFCB85 /* MapView.swift in Sources */,
				16AB662E279A468E0076A05C /* GreetMeApp.swift in Sources */,
				16EE27D9279C5C2C00BEF147 /* LandmarkList.swift in Sources */,
				16EE27DB279C5EAA00BEF147 /* LandmarkDetail.swift in Sources */,
				160AD504279A520000CFCB85 /* CircleImage.swift in Sources */,
				16EE27D0279C42BE00BEF147 /* Landmark.swift in Sources */,
				16EE27D7279C4C9D00BEF147 /* LandmarkRow.swift in Sources */,
				16EE27D2279C46F700BEF147 /* ModelData.swift in Sources */,
			);
			runOnlyForDeploymentPostprocessing = 0;
		};
/* End PBXSourcesBuildPhase section */

/* Begin XCBuildConfiguration section */
		16AB6636279A468F0076A05C /* Debug */ = {
			isa = XCBuildConfiguration;
			buildSettings = {
				ALWAYS_SEARCH_USER_PATHS = NO;
				CLANG_ANALYZER_NONNULL = YES;
				CLANG_ANALYZER_NUMBER_OBJECT_CONVERSION = YES_AGGRESSIVE;
				CLANG_CXX_LANGUAGE_STANDARD = "gnu++17";
				CLANG_CXX_LIBRARY = "libc++";
				CLANG_ENABLE_MODULES = YES;
				CLANG_ENABLE_OBJC_ARC = YES;
				CLANG_ENABLE_OBJC_WEAK = YES;
				CLANG_WARN_BLOCK_CAPTURE_AUTORELEASING = YES;
				CLANG_WARN_BOOL_CONVERSION = YES;
				CLANG_WARN_COMMA = YES;
				CLANG_WARN_CONSTANT_CONVERSION = YES;
				CLANG_WARN_DEPRECATED_OBJC_IMPLEMENTATIONS = YES;
				CLANG_WARN_DIRECT_OBJC_ISA_USAGE = YES_ERROR;
				CLANG_WARN_DOCUMENTATION_COMMENTS = YES;
				CLANG_WARN_EMPTY_BODY = YES;
				CLANG_WARN_ENUM_CONVERSION = YES;
				CLANG_WARN_INFINITE_RECURSION = YES;
				CLANG_WARN_INT_CONVERSION = YES;
				CLANG_WARN_NON_LITERAL_NULL_CONVERSION = YES;
				CLANG_WARN_OBJC_IMPLICIT_RETAIN_SELF = YES;
				CLANG_WARN_OBJC_LITERAL_CONVERSION = YES;
				CLANG_WARN_OBJC_ROOT_CLASS = YES_ERROR;
				CLANG_WARN_QUOTED_INCLUDE_IN_FRAMEWORK_HEADER = YES;
				CLANG_WARN_RANGE_LOOP_ANALYSIS = YES;
				CLANG_WARN_STRICT_PROTOTYPES = YES;
				CLANG_WARN_SUSPICIOUS_MOVE = YES;
				CLANG_WARN_UNGUARDED_AVAILABILITY = YES_AGGRESSIVE;
				CLANG_WARN_UNREACHABLE_CODE = YES;
				CLANG_WARN__DUPLICATE_METHOD_MATCH = YES;
				COPY_PHASE_STRIP = NO;
				DEBUG_INFORMATION_FORMAT = dwarf;
				ENABLE_STRICT_OBJC_MSGSEND = YES;
				ENABLE_TESTABILITY = YES;
				GCC_C_LANGUAGE_STANDARD = gnu11;
				GCC_DYNAMIC_NO_PIC = NO;
				GCC_NO_COMMON_BLOCKS = YES;
				GCC_OPTIMIZATION_LEVEL = 0;
				GCC_PREPROCESSOR_DEFINITIONS = (
					"DEBUG=1",
					"$(inherited)",
				);
				GCC_WARN_64_TO_32_BIT_CONVERSION = YES;
				GCC_WARN_ABOUT_RETURN_TYPE = YES_ERROR;
				GCC_WARN_UNDECLARED_SELECTOR = YES;
				GCC_WARN_UNINITIALIZED_AUTOS = YES_AGGRESSIVE;
				GCC_WARN_UNUSED_FUNCTION = YES;
				GCC_WARN_UNUSED_VARIABLE = YES;
				IPHONEOS_DEPLOYMENT_TARGET = 15.2;
				MTL_ENABLE_DEBUG_INFO = INCLUDE_SOURCE;
				MTL_FAST_MATH = YES;
				ONLY_ACTIVE_ARCH = YES;
				SDKROOT = iphoneos;
				SWIFT_ACTIVE_COMPILATION_CONDITIONS = DEBUG;
				SWIFT_OPTIMIZATION_LEVEL = "-Onone";
			};
			name = Debug;
		};
		16AB6637279A468F0076A05C /* Release */ = {
			isa = XCBuildConfiguration;
			buildSettings = {
				ALWAYS_SEARCH_USER_PATHS = NO;
				CLANG_ANALYZER_NONNULL = YES;
				CLANG_ANALYZER_NUMBER_OBJECT_CONVERSION = YES_AGGRESSIVE;
				CLANG_CXX_LANGUAGE_STANDARD = "gnu++17";
				CLANG_CXX_LIBRARY = "libc++";
				CLANG_ENABLE_MODULES = YES;
				CLANG_ENABLE_OBJC_ARC = YES;
				CLANG_ENABLE_OBJC_WEAK = YES;
				CLANG_WARN_BLOCK_CAPTURE_AUTORELEASING = YES;
				CLANG_WARN_BOOL_CONVERSION = YES;
				CLANG_WARN_COMMA = YES;
				CLANG_WARN_CONSTANT_CONVERSION = YES;
				CLANG_WARN_DEPRECATED_OBJC_IMPLEMENTATIONS = YES;
				CLANG_WARN_DIRECT_OBJC_ISA_USAGE = YES_ERROR;
				CLANG_WARN_DOCUMENTATION_COMMENTS = YES;
				CLANG_WARN_EMPTY_BODY = YES;
				CLANG_WARN_ENUM_CONVERSION = YES;
				CLANG_WARN_INFINITE_RECURSION = YES;
				CLANG_WARN_INT_CONVERSION = YES;
				CLANG_WARN_NON_LITERAL_NULL_CONVERSION = YES;
				CLANG_WARN_OBJC_IMPLICIT_RETAIN_SELF = YES;
				CLANG_WARN_OBJC_LITERAL_CONVERSION = YES;
				CLANG_WARN_OBJC_ROOT_CLASS = YES_ERROR;
				CLANG_WARN_QUOTED_INCLUDE_IN_FRAMEWORK_HEADER = YES;
				CLANG_WARN_RANGE_LOOP_ANALYSIS = YES;
				CLANG_WARN_STRICT_PROTOTYPES = YES;
				CLANG_WARN_SUSPICIOUS_MOVE = YES;
				CLANG_WARN_UNGUARDED_AVAILABILITY = YES_AGGRESSIVE;
				CLANG_WARN_UNREACHABLE_CODE = YES;
				CLANG_WARN__DUPLICATE_METHOD_MATCH = YES;
				COPY_PHASE_STRIP = NO;
				DEBUG_INFORMATION_FORMAT = "dwarf-with-dsym";
				ENABLE_NS_ASSERTIONS = NO;
				ENABLE_STRICT_OBJC_MSGSEND = YES;
				GCC_C_LANGUAGE_STANDARD = gnu11;
				GCC_NO_COMMON_BLOCKS = YES;
				GCC_WARN_64_TO_32_BIT_CONVERSION = YES;
				GCC_WARN_ABOUT_RETURN_TYPE = YES_ERROR;
				GCC_WARN_UNDECLARED_SELECTOR = YES;
				GCC_WARN_UNINITIALIZED_AUTOS = YES_AGGRESSIVE;
				GCC_WARN_UNUSED_FUNCTION = YES;
				GCC_WARN_UNUSED_VARIABLE = YES;
				IPHONEOS_DEPLOYMENT_TARGET = 15.2;
				MTL_ENABLE_DEBUG_INFO = NO;
				MTL_FAST_MATH = YES;
				SDKROOT = iphoneos;
				SWIFT_COMPILATION_MODE = wholemodule;
				SWIFT_OPTIMIZATION_LEVEL = "-O";
				VALIDATE_PRODUCT = YES;
			};
			name = Release;
		};
		16AB6639279A468F0076A05C /* Debug */ = {
			isa = XCBuildConfiguration;
			buildSettings = {
				ASSETCATALOG_COMPILER_APPICON_NAME = AppIcon;
				ASSETCATALOG_COMPILER_GLOBAL_ACCENT_COLOR_NAME = AccentColor;
				CODE_SIGN_STYLE = Automatic;
				CURRENT_PROJECT_VERSION = 1;
				DEVELOPMENT_ASSET_PATHS = "\"GreetMe/Preview Content\"";
				DEVELOPMENT_TEAM = 776HXCTL5Y;
				ENABLE_PREVIEWS = YES;
				GENERATE_INFOPLIST_FILE = YES;
				INFOPLIST_KEY_UIApplicationSceneManifest_Generation = YES;
				INFOPLIST_KEY_UIApplicationSupportsIndirectInputEvents = YES;
				INFOPLIST_KEY_UILaunchScreen_Generation = YES;
				INFOPLIST_KEY_UISupportedInterfaceOrientations = UIInterfaceOrientationPortrait;
				INFOPLIST_KEY_UISupportedInterfaceOrientations_iPad = "UIInterfaceOrientationPortrait UIInterfaceOrientationPortraitUpsideDown UIInterfaceOrientationLandscapeLeft UIInterfaceOrientationLandscapeRight";
				INFOPLIST_KEY_UISupportedInterfaceOrientations_iPhone = "UIInterfaceOrientationPortrait UIInterfaceOrientationLandscapeLeft UIInterfaceOrientationLandscapeRight";
				LD_RUNPATH_SEARCH_PATHS = (
					"$(inherited)",
					"@executable_path/Frameworks",
				);
				MARKETING_VERSION = 1.0;
				PRODUCT_BUNDLE_IDENTIFIER = com.jacobvandewalle.GreetMe;
				PRODUCT_NAME = "$(TARGET_NAME)";
				SWIFT_EMIT_LOC_STRINGS = YES;
				SWIFT_VERSION = 5.0;
				TARGETED_DEVICE_FAMILY = "1,2";
			};
			name = Debug;
		};
		16AB663A279A468F0076A05C /* Release */ = {
			isa = XCBuildConfiguration;
			buildSettings = {
				ASSETCATALOG_COMPILER_APPICON_NAME = AppIcon;
				ASSETCATALOG_COMPILER_GLOBAL_ACCENT_COLOR_NAME = AccentColor;
				CODE_SIGN_STYLE = Automatic;
				CURRENT_PROJECT_VERSION = 1;
				DEVELOPMENT_ASSET_PATHS = "\"GreetMe/Preview Content\"";
				DEVELOPMENT_TEAM = 776HXCTL5Y;
				ENABLE_PREVIEWS = YES;
				GENERATE_INFOPLIST_FILE = YES;
				INFOPLIST_KEY_UIApplicationSceneManifest_Generation = YES;
				INFOPLIST_KEY_UIApplicationSupportsIndirectInputEvents = YES;
				INFOPLIST_KEY_UILaunchScreen_Generation = YES;
				INFOPLIST_KEY_UISupportedInterfaceOrientations = UIInterfaceOrientationPortrait;
				INFOPLIST_KEY_UISupportedInterfaceOrientations_iPad = "UIInterfaceOrientationPortrait UIInterfaceOrientationPortraitUpsideDown UIInterfaceOrientationLandscapeLeft UIInterfaceOrientationLandscapeRight";
				INFOPLIST_KEY_UISupportedInterfaceOrientations_iPhone = "UIInterfaceOrientationPortrait UIInterfaceOrientationLandscapeLeft UIInterfaceOrientationLandscapeRight";
				LD_RUNPATH_SEARCH_PATHS = (
					"$(inherited)",
					"@executable_path/Frameworks",
				);
				MARKETING_VERSION = 1.0;
				PRODUCT_BUNDLE_IDENTIFIER = com.jacobvandewalle.GreetMe;
				PRODUCT_NAME = "$(TARGET_NAME)";
				SWIFT_EMIT_LOC_STRINGS = YES;
				SWIFT_VERSION = 5.0;
				TARGETED_DEVICE_FAMILY = "1,2";
			};
			name = Release;
		};
/* End XCBuildConfiguration section */

/* Begin XCConfigurationList section */
		16AB6625279A468E0076A05C /* Build configuration list for PBXProject "GreetMe" */ = {
			isa = XCConfigurationList;
			buildConfigurations = (
				16AB6636279A468F0076A05C /* Debug */,
				16AB6637279A468F0076A05C /* Release */,
			);
			defaultConfigurationIsVisible = 0;
			defaultConfigurationName = Release;
		};
		16AB6638279A468F0076A05C /* Build configuration list for PBXNativeTarget "GreetMe" */ = {
			isa = XCConfigurationList;
			buildConfigurations = (
				16AB6639279A468F0076A05C /* Debug */,
				16AB663A279A468F0076A05C /* Release */,
			);
			defaultConfigurationIsVisible = 0;
			defaultConfigurationName = Release;
		};
/* End XCConfigurationList section */
	};
	rootObject = 16AB6622279A468E0076A05C /* Project object */;
}
